
Microsoft Visual Studio Solution File, Format Version 12.00
# Visual Studio Version 17
VisualStudioVersion = 17.14.36616.10 d17.14
MinimumVisualStudioVersion = 10.0.40219.1
Project("{FAE04EC0-301F-11D3-BF4B-00C04F79EFBC}") = "GlobalTime", "GlobalTime.csproj", "{603B0029-F508-4BD5-9D2D-259CA41D5E29}"
EndProject
Global
	GlobalSection(SolutionConfigurationPlatforms) = preSolution
		Debug|Any CPU = Debug|Any CPU
		Release|Any CPU = Release|Any CPU
	EndGlobalSection
	GlobalSection(ProjectConfigurationPlatforms) = postSolution
		{603B0029-F508-4BD5-9D2D-259CA41D5E29}.Debug|Any CPU.ActiveCfg = Debug|Any CPU
		{603B0029-F508-4BD5-9D2D-259CA41D5E29}.Debug|Any CPU.Build.0 = Debug|Any CPU
		{603B0029-F508-4BD5-9D2D-259CA41D5E29}.Release|Any CPU.ActiveCfg = Release|Any CPU
		{603B0029-F508-4BD5-9D2D-259CA41D5E29}.Release|Any CPU.Build.0 = Release|Any CPU
	EndGlobalSection
	GlobalSection(SolutionProperties) = preSolution
		HideSolutionNode = FALSE
	EndGlobalSection
	GlobalSection(ExtensibilityGlobals) = postSolution
		SolutionGuid = {B3DB18B3-6AD8-4666-A667-002CDF6D6B5F}
	EndGlobalSection
EndGlobal
